// !$*UTF8*$!
{
	archiveVersion = 1;
	classes = {
	};
	objectVersion = 51;
	objects = {

/* Begin PBXBuildFile section */
		30085E26BFFCB92128D96EC2 /* Pods_plusOne.framework in Frameworks */ = {isa = PBXBuildFile; fileRef = 72528A9305A3B06B2B311016 /* Pods_plusOne.framework */; };
		F948950326782D1B006F7E18 /* Constants.swift in Sources */ = {isa = PBXBuildFile; fileRef = F948950226782D1B006F7E18 /* Constants.swift */; };
		F94A74BC2672FE6E00F5BA4D /* FirstChoiceViewController.swift in Sources */ = {isa = PBXBuildFile; fileRef = F94A74BB2672FE6E00F5BA4D /* FirstChoiceViewController.swift */; };
		F94A74BE2672FEBF00F5BA4D /* AccessAccountViewController.swift in Sources */ = {isa = PBXBuildFile; fileRef = F94A74BD2672FEBF00F5BA4D /* AccessAccountViewController.swift */; };
		F964EE9726741280007809B0 /* SingleFeedViewController.swift in Sources */ = {isa = PBXBuildFile; fileRef = F964EE9626741280007809B0 /* SingleFeedViewController.swift */; };
		F964EE9926741337007809B0 /* SingleFeedTVC.swift in Sources */ = {isa = PBXBuildFile; fileRef = F964EE9826741337007809B0 /* SingleFeedTVC.swift */; };
		F964EE9C26741373007809B0 /* SingleTVCell.swift in Sources */ = {isa = PBXBuildFile; fileRef = F964EE9B26741373007809B0 /* SingleTVCell.swift */; };
		F964EE9F267437DF007809B0 /* typingAnimation.swift in Sources */ = {isa = PBXBuildFile; fileRef = F964EE9E267437DF007809B0 /* typingAnimation.swift */; };
		F966CF63267BC3DD0058BA29 /* Poll.swift in Sources */ = {isa = PBXBuildFile; fileRef = F966CF62267BC3DD0058BA29 /* Poll.swift */; };
		F966CF67267BD0F80058BA29 /* PollStructTest.swift in Sources */ = {isa = PBXBuildFile; fileRef = F966CF66267BD0F80058BA29 /* PollStructTest.swift */; };
		F966CF69267BD1B40058BA29 /* PollManagerTests.swift in Sources */ = {isa = PBXBuildFile; fileRef = F966CF68267BD1B40058BA29 /* PollManagerTests.swift */; };
		F966CF6B267BD27F0058BA29 /* PollManager.swift in Sources */ = {isa = PBXBuildFile; fileRef = F966CF6A267BD27F0058BA29 /* PollManager.swift */; };
		F96821CD2670201500ED7C17 /* AppDelegate.swift in Sources */ = {isa = PBXBuildFile; fileRef = F96821CC2670201500ED7C17 /* AppDelegate.swift */; };
		F96821CF2670201500ED7C17 /* SceneDelegate.swift in Sources */ = {isa = PBXBuildFile; fileRef = F96821CE2670201500ED7C17 /* SceneDelegate.swift */; };
		F96821D12670201500ED7C17 /* UserSingleFeedViewController.swift in Sources */ = {isa = PBXBuildFile; fileRef = F96821D02670201500ED7C17 /* UserSingleFeedViewController.swift */; };
		F96821D42670201500ED7C17 /* Main.storyboard in Resources */ = {isa = PBXBuildFile; fileRef = F96821D22670201500ED7C17 /* Main.storyboard */; };
		F96821D72670201500ED7C17 /* plusOne.xcdatamodeld in Sources */ = {isa = PBXBuildFile; fileRef = F96821D52670201500ED7C17 /* plusOne.xcdatamodeld */; };
		F96821D92670201700ED7C17 /* Assets.xcassets in Resources */ = {isa = PBXBuildFile; fileRef = F96821D82670201700ED7C17 /* Assets.xcassets */; };
		F96821DC2670201700ED7C17 /* LaunchScreen.storyboard in Resources */ = {isa = PBXBuildFile; fileRef = F96821DA2670201700ED7C17 /* LaunchScreen.storyboard */; };
		F96A24562676885700E4630E /* apps.googleusercontent.com.plist in Resources */ = {isa = PBXBuildFile; fileRef = F96A24552676885700E4630E /* apps.googleusercontent.com.plist */; };
/* End PBXBuildFile section */

/* Begin PBXContainerItemProxy section */
		F966CF5D267BC1500058BA29 /* PBXContainerItemProxy */ = {
			isa = PBXContainerItemProxy;
			containerPortal = F96821C12670201500ED7C17 /* Project object */;
			proxyType = 1;
			remoteGlobalIDString = F96821C82670201500ED7C17;
			remoteInfo = plusOne;
		};
/* End PBXContainerItemProxy section */

/* Begin PBXFileReference section */
		4CCCB27CCB24C2722DF2870F /* Pods-plusOne.release.xcconfig */ = {isa = PBXFileReference; includeInIndex = 1; lastKnownFileType = text.xcconfig; name = "Pods-plusOne.release.xcconfig"; path = "Target Support Files/Pods-plusOne/Pods-plusOne.release.xcconfig"; sourceTree = "<group>"; };
		72528A9305A3B06B2B311016 /* Pods_plusOne.framework */ = {isa = PBXFileReference; explicitFileType = wrapper.framework; includeInIndex = 0; path = Pods_plusOne.framework; sourceTree = BUILT_PRODUCTS_DIR; };
		9DE6EE73C714455D114F055A /* Pods-plusOne.debug.xcconfig */ = {isa = PBXFileReference; includeInIndex = 1; lastKnownFileType = text.xcconfig; name = "Pods-plusOne.debug.xcconfig"; path = "Target Support Files/Pods-plusOne/Pods-plusOne.debug.xcconfig"; sourceTree = "<group>"; };
		F948950226782D1B006F7E18 /* Constants.swift */ = {isa = PBXFileReference; lastKnownFileType = sourcecode.swift; path = Constants.swift; sourceTree = "<group>"; };
		F94A74BB2672FE6E00F5BA4D /* FirstChoiceViewController.swift */ = {isa = PBXFileReference; lastKnownFileType = sourcecode.swift; path = FirstChoiceViewController.swift; sourceTree = "<group>"; };
		F94A74BD2672FEBF00F5BA4D /* AccessAccountViewController.swift */ = {isa = PBXFileReference; lastKnownFileType = sourcecode.swift; path = AccessAccountViewController.swift; sourceTree = "<group>"; };
		F964EE9626741280007809B0 /* SingleFeedViewController.swift */ = {isa = PBXFileReference; lastKnownFileType = sourcecode.swift; path = SingleFeedViewController.swift; sourceTree = "<group>"; };
		F964EE9826741337007809B0 /* SingleFeedTVC.swift */ = {isa = PBXFileReference; lastKnownFileType = sourcecode.swift; path = SingleFeedTVC.swift; sourceTree = "<group>"; };
		F964EE9B26741373007809B0 /* SingleTVCell.swift */ = {isa = PBXFileReference; lastKnownFileType = sourcecode.swift; path = SingleTVCell.swift; sourceTree = "<group>"; };
		F964EE9E267437DF007809B0 /* typingAnimation.swift */ = {isa = PBXFileReference; lastKnownFileType = sourcecode.swift; path = typingAnimation.swift; sourceTree = "<group>"; };
		F966CF58267BC1500058BA29 /* plusOneTests.xctest */ = {isa = PBXFileReference; explicitFileType = wrapper.cfbundle; includeInIndex = 0; path = plusOneTests.xctest; sourceTree = BUILT_PRODUCTS_DIR; };
		F966CF5C267BC1500058BA29 /* Info.plist */ = {isa = PBXFileReference; lastKnownFileType = text.plist.xml; path = Info.plist; sourceTree = "<group>"; };
		F966CF62267BC3DD0058BA29 /* Poll.swift */ = {isa = PBXFileReference; lastKnownFileType = sourcecode.swift; path = Poll.swift; sourceTree = "<group>"; };
		F966CF66267BD0F80058BA29 /* PollStructTest.swift */ = {isa = PBXFileReference; lastKnownFileType = sourcecode.swift; path = PollStructTest.swift; sourceTree = "<group>"; };
		F966CF68267BD1B40058BA29 /* PollManagerTests.swift */ = {isa = PBXFileReference; lastKnownFileType = sourcecode.swift; path = PollManagerTests.swift; sourceTree = "<group>"; };
		F966CF6A267BD27F0058BA29 /* PollManager.swift */ = {isa = PBXFileReference; lastKnownFileType = sourcecode.swift; path = PollManager.swift; sourceTree = "<group>"; };
		F96821C92670201500ED7C17 /* plusOne.app */ = {isa = PBXFileReference; explicitFileType = wrapper.application; includeInIndex = 0; path = plusOne.app; sourceTree = BUILT_PRODUCTS_DIR; };
		F96821CC2670201500ED7C17 /* AppDelegate.swift */ = {isa = PBXFileReference; lastKnownFileType = sourcecode.swift; path = AppDelegate.swift; sourceTree = "<group>"; };
		F96821CE2670201500ED7C17 /* SceneDelegate.swift */ = {isa = PBXFileReference; lastKnownFileType = sourcecode.swift; path = SceneDelegate.swift; sourceTree = "<group>"; };
		F96821D02670201500ED7C17 /* UserSingleFeedViewController.swift */ = {isa = PBXFileReference; lastKnownFileType = sourcecode.swift; path = UserSingleFeedViewController.swift; sourceTree = "<group>"; };
		F96821D32670201500ED7C17 /* Base */ = {isa = PBXFileReference; lastKnownFileType = file.storyboard; name = Base; path = Base.lproj/Main.storyboard; sourceTree = "<group>"; };
		F96821D62670201500ED7C17 /* plusOne.xcdatamodel */ = {isa = PBXFileReference; lastKnownFileType = wrapper.xcdatamodel; path = plusOne.xcdatamodel; sourceTree = "<group>"; };
		F96821D82670201700ED7C17 /* Assets.xcassets */ = {isa = PBXFileReference; lastKnownFileType = folder.assetcatalog; path = Assets.xcassets; sourceTree = "<group>"; };
		F96821DB2670201700ED7C17 /* Base */ = {isa = PBXFileReference; lastKnownFileType = file.storyboard; name = Base; path = Base.lproj/LaunchScreen.storyboard; sourceTree = "<group>"; };
		F96821DD2670201700ED7C17 /* Info.plist */ = {isa = PBXFileReference; lastKnownFileType = text.plist.xml; path = Info.plist; sourceTree = "<group>"; };
		F96A24552676885700E4630E /* apps.googleusercontent.com.plist */ = {isa = PBXFileReference; fileEncoding = 4; lastKnownFileType = text.plist.xml; path = apps.googleusercontent.com.plist; sourceTree = "<group>"; };
/* End PBXFileReference section */

/* Begin PBXFrameworksBuildPhase section */
		F966CF55267BC1500058BA29 /* Frameworks */ = {
			isa = PBXFrameworksBuildPhase;
			buildActionMask = 2147483647;
			files = (
			);
			runOnlyForDeploymentPostprocessing = 0;
		};
		F96821C62670201500ED7C17 /* Frameworks */ = {
			isa = PBXFrameworksBuildPhase;
			buildActionMask = 2147483647;
			files = (
				30085E26BFFCB92128D96EC2 /* Pods_plusOne.framework in Frameworks */,
			);
			runOnlyForDeploymentPostprocessing = 0;
		};
/* End PBXFrameworksBuildPhase section */

/* Begin PBXGroup section */
		A77F3F95C3A2B88F87A801AA /* Pods */ = {
			isa = PBXGroup;
			children = (
				9DE6EE73C714455D114F055A /* Pods-plusOne.debug.xcconfig */,
				4CCCB27CCB24C2722DF2870F /* Pods-plusOne.release.xcconfig */,
			);
			path = Pods;
			sourceTree = "<group>";
		};
		BA6AC06359E0390A525B503E /* Frameworks */ = {
			isa = PBXGroup;
			children = (
				72528A9305A3B06B2B311016 /* Pods_plusOne.framework */,
			);
			name = Frameworks;
			sourceTree = "<group>";
		};
		F964EE9A2674133F007809B0 /* Single Feed */ = {
			isa = PBXGroup;
			children = (
				F964EE9626741280007809B0 /* SingleFeedViewController.swift */,
				F964EE9826741337007809B0 /* SingleFeedTVC.swift */,
				F964EE9B26741373007809B0 /* SingleTVCell.swift */,
			);
			path = "Single Feed";
			sourceTree = "<group>";
		};
		F964EE9D267437BF007809B0 /* Utils */ = {
			isa = PBXGroup;
			children = (
				F964EEA0267437EC007809B0 /* Animations */,
			);
			path = Utils;
			sourceTree = "<group>";
		};
		F964EEA0267437EC007809B0 /* Animations */ = {
			isa = PBXGroup;
			children = (
				F964EE9E267437DF007809B0 /* typingAnimation.swift */,
			);
			path = Animations;
			sourceTree = "<group>";
		};
		F966CF59267BC1500058BA29 /* plusOneTests */ = {
			isa = PBXGroup;
			children = (
				F966CF65267BD0B20058BA29 /* TestControllers */,
				F966CF64267BD0A40058BA29 /* TestModels */,
				F966CF5C267BC1500058BA29 /* Info.plist */,
			);
			path = plusOneTests;
			sourceTree = "<group>";
		};
		F966CF64267BD0A40058BA29 /* TestModels */ = {
			isa = PBXGroup;
			children = (
				F966CF66267BD0F80058BA29 /* PollStructTest.swift */,
				F966CF68267BD1B40058BA29 /* PollManagerTests.swift */,
			);
			path = TestModels;
			sourceTree = "<group>";
		};
		F966CF65267BD0B20058BA29 /* TestControllers */ = {
			isa = PBXGroup;
			children = (
			);
			path = TestControllers;
			sourceTree = "<group>";
		};
		F96821C02670201500ED7C17 = {
			isa = PBXGroup;
			children = (
				F96821CB2670201500ED7C17 /* plusOne */,
				F966CF59267BC1500058BA29 /* plusOneTests */,
				F96821CA2670201500ED7C17 /* Products */,
				A77F3F95C3A2B88F87A801AA /* Pods */,
				BA6AC06359E0390A525B503E /* Frameworks */,
			);
			sourceTree = "<group>";
		};
		F96821CA2670201500ED7C17 /* Products */ = {
			isa = PBXGroup;
			children = (
				F96821C92670201500ED7C17 /* plusOne.app */,
				F966CF58267BC1500058BA29 /* plusOneTests.xctest */,
			);
			name = Products;
			sourceTree = "<group>";
		};
		F96821CB2670201500ED7C17 /* plusOne */ = {
			isa = PBXGroup;
			children = (
				F964EE9D267437BF007809B0 /* Utils */,
				F9868E46267059A20079A542 /* Controller */,
				F9868E452670599C0079A542 /* View */,
				F9868E44267059930079A542 /* Model */,
				F96821CC2670201500ED7C17 /* AppDelegate.swift */,
				F96821CE2670201500ED7C17 /* SceneDelegate.swift */,
				F96821D82670201700ED7C17 /* Assets.xcassets */,
				F96821DD2670201700ED7C17 /* Info.plist */,
				F96A24552676885700E4630E /* apps.googleusercontent.com.plist */,
				F96821D52670201500ED7C17 /* plusOne.xcdatamodeld */,
				F948950226782D1B006F7E18 /* Constants.swift */,
			);
			path = plusOne;
			sourceTree = "<group>";
		};
		F9868E44267059930079A542 /* Model */ = {
			isa = PBXGroup;
			children = (
				F966CF62267BC3DD0058BA29 /* Poll.swift */,
				F966CF6A267BD27F0058BA29 /* PollManager.swift */,
			);
			path = Model;
			sourceTree = "<group>";
		};
		F9868E452670599C0079A542 /* View */ = {
			isa = PBXGroup;
			children = (
				F96821DA2670201700ED7C17 /* LaunchScreen.storyboard */,
				F96821D22670201500ED7C17 /* Main.storyboard */,
			);
			path = View;
			sourceTree = "<group>";
		};
		F9868E46267059A20079A542 /* Controller */ = {
			isa = PBXGroup;
			children = (
				F964EE9A2674133F007809B0 /* Single Feed */,
				F96821D02670201500ED7C17 /* UserSingleFeedViewController.swift */,
				F94A74BB2672FE6E00F5BA4D /* FirstChoiceViewController.swift */,
				F94A74BD2672FEBF00F5BA4D /* AccessAccountViewController.swift */,
			);
			path = Controller;
			sourceTree = "<group>";
		};
/* End PBXGroup section */

/* Begin PBXNativeTarget section */
		F966CF57267BC1500058BA29 /* plusOneTests */ = {
			isa = PBXNativeTarget;
			buildConfigurationList = F966CF5F267BC1500058BA29 /* Build configuration list for PBXNativeTarget "plusOneTests" */;
			buildPhases = (
				F966CF54267BC1500058BA29 /* Sources */,
				F966CF55267BC1500058BA29 /* Frameworks */,
				F966CF56267BC1500058BA29 /* Resources */,
			);
			buildRules = (
			);
			dependencies = (
				F966CF5E267BC1500058BA29 /* PBXTargetDependency */,
			);
			name = plusOneTests;
			productName = plusOneTests;
			productReference = F966CF58267BC1500058BA29 /* plusOneTests.xctest */;
			productType = "com.apple.product-type.bundle.unit-test";
		};
		F96821C82670201500ED7C17 /* plusOne */ = {
			isa = PBXNativeTarget;
			buildConfigurationList = F96821E02670201700ED7C17 /* Build configuration list for PBXNativeTarget "plusOne" */;
			buildPhases = (
				C1F38A1AFEC8CBE37D1AE71B /* [CP] Check Pods Manifest.lock */,
				F96821C52670201500ED7C17 /* Sources */,
				F96821C62670201500ED7C17 /* Frameworks */,
				F96821C72670201500ED7C17 /* Resources */,
				5FA9716FBD637EF9FBD86506 /* [CP] Embed Pods Frameworks */,
				B556643654EC4AA7B88FA4C0 /* [CP] Copy Pods Resources */,
			);
			buildRules = (
			);
			dependencies = (
			);
			name = plusOne;
			productName = plusOne;
			productReference = F96821C92670201500ED7C17 /* plusOne.app */;
			productType = "com.apple.product-type.application";
		};
/* End PBXNativeTarget section */

/* Begin PBXProject section */
		F96821C12670201500ED7C17 /* Project object */ = {
			isa = PBXProject;
			attributes = {
				LastSwiftUpdateCheck = 1250;
				LastUpgradeCheck = 1250;
				TargetAttributes = {
					F966CF57267BC1500058BA29 = {
						CreatedOnToolsVersion = 12.5;
						TestTargetID = F96821C82670201500ED7C17;
					};
					F96821C82670201500ED7C17 = {
						CreatedOnToolsVersion = 12.5;
					};
				};
			};
			buildConfigurationList = F96821C42670201500ED7C17 /* Build configuration list for PBXProject "plusOne" */;
			compatibilityVersion = "Xcode 10.0";
			developmentRegion = en;
			hasScannedForEncodings = 0;
			knownRegions = (
				en,
				Base,
			);
			mainGroup = F96821C02670201500ED7C17;
			productRefGroup = F96821CA2670201500ED7C17 /* Products */;
			projectDirPath = "";
			projectRoot = "";
			targets = (
				F96821C82670201500ED7C17 /* plusOne */,
				F966CF57267BC1500058BA29 /* plusOneTests */,
			);
		};
/* End PBXProject section */

/* Begin PBXResourcesBuildPhase section */
		F966CF56267BC1500058BA29 /* Resources */ = {
			isa = PBXResourcesBuildPhase;
			buildActionMask = 2147483647;
			files = (
			);
			runOnlyForDeploymentPostprocessing = 0;
		};
		F96821C72670201500ED7C17 /* Resources */ = {
			isa = PBXResourcesBuildPhase;
			buildActionMask = 2147483647;
			files = (
				F96A24562676885700E4630E /* apps.googleusercontent.com.plist in Resources */,
				F96821DC2670201700ED7C17 /* LaunchScreen.storyboard in Resources */,
				F96821D92670201700ED7C17 /* Assets.xcassets in Resources */,
				F96821D42670201500ED7C17 /* Main.storyboard in Resources */,
			);
			runOnlyForDeploymentPostprocessing = 0;
		};
/* End PBXResourcesBuildPhase section */

/* Begin PBXShellScriptBuildPhase section */
		5FA9716FBD637EF9FBD86506 /* [CP] Embed Pods Frameworks */ = {
			isa = PBXShellScriptBuildPhase;
			buildActionMask = 2147483647;
			files = (
			);
			inputFileListPaths = (
				"${PODS_ROOT}/Target Support Files/Pods-plusOne/Pods-plusOne-frameworks-${CONFIGURATION}-input-files.xcfilelist",
			);
			name = "[CP] Embed Pods Frameworks";
			outputFileListPaths = (
				"${PODS_ROOT}/Target Support Files/Pods-plusOne/Pods-plusOne-frameworks-${CONFIGURATION}-output-files.xcfilelist",
			);
			runOnlyForDeploymentPostprocessing = 0;
			shellPath = /bin/sh;
			shellScript = "\"${PODS_ROOT}/Target Support Files/Pods-plusOne/Pods-plusOne-frameworks.sh\"\n";
			showEnvVarsInLog = 0;
		};
		B556643654EC4AA7B88FA4C0 /* [CP] Copy Pods Resources */ = {
			isa = PBXShellScriptBuildPhase;
			buildActionMask = 2147483647;
			files = (
			);
			inputFileListPaths = (
				"${PODS_ROOT}/Target Support Files/Pods-plusOne/Pods-plusOne-resources-${CONFIGURATION}-input-files.xcfilelist",
			);
			name = "[CP] Copy Pods Resources";
			outputFileListPaths = (
				"${PODS_ROOT}/Target Support Files/Pods-plusOne/Pods-plusOne-resources-${CONFIGURATION}-output-files.xcfilelist",
			);
			runOnlyForDeploymentPostprocessing = 0;
			shellPath = /bin/sh;
			shellScript = "\"${PODS_ROOT}/Target Support Files/Pods-plusOne/Pods-plusOne-resources.sh\"\n";
			showEnvVarsInLog = 0;
		};
		C1F38A1AFEC8CBE37D1AE71B /* [CP] Check Pods Manifest.lock */ = {
			isa = PBXShellScriptBuildPhase;
			buildActionMask = 2147483647;
			files = (
			);
			inputFileListPaths = (
			);
			inputPaths = (
				"${PODS_PODFILE_DIR_PATH}/Podfile.lock",
				"${PODS_ROOT}/Manifest.lock",
			);
			name = "[CP] Check Pods Manifest.lock";
			outputFileListPaths = (
			);
			outputPaths = (
				"$(DERIVED_FILE_DIR)/Pods-plusOne-checkManifestLockResult.txt",
			);
			runOnlyForDeploymentPostprocessing = 0;
			shellPath = /bin/sh;
			shellScript = "diff \"${PODS_PODFILE_DIR_PATH}/Podfile.lock\" \"${PODS_ROOT}/Manifest.lock\" > /dev/null\nif [ $? != 0 ] ; then\n    # print error to STDERR\n    echo \"error: The sandbox is not in sync with the Podfile.lock. Run 'pod install' or update your CocoaPods installation.\" >&2\n    exit 1\nfi\n# This output is used by Xcode 'outputs' to avoid re-running this script phase.\necho \"SUCCESS\" > \"${SCRIPT_OUTPUT_FILE_0}\"\n";
			showEnvVarsInLog = 0;
		};
/* End PBXShellScriptBuildPhase section */

/* Begin PBXSourcesBuildPhase section */
		F966CF54267BC1500058BA29 /* Sources */ = {
			isa = PBXSourcesBuildPhase;
			buildActionMask = 2147483647;
			files = (
				F966CF69267BD1B40058BA29 /* PollManagerTests.swift in Sources */,
				F966CF67267BD0F80058BA29 /* PollStructTest.swift in Sources */,
			);
			runOnlyForDeploymentPostprocessing = 0;
		};
		F96821C52670201500ED7C17 /* Sources */ = {
			isa = PBXSourcesBuildPhase;
			buildActionMask = 2147483647;
			files = (
				F94A74BE2672FEBF00F5BA4D /* AccessAccountViewController.swift in Sources */,
				F948950326782D1B006F7E18 /* Constants.swift in Sources */,
				F964EE9926741337007809B0 /* SingleFeedTVC.swift in Sources */,
				F96821D12670201500ED7C17 /* UserSingleFeedViewController.swift in Sources */,
				F966CF63267BC3DD0058BA29 /* Poll.swift in Sources */,
				F966CF6B267BD27F0058BA29 /* PollManager.swift in Sources */,
				F94A74BC2672FE6E00F5BA4D /* FirstChoiceViewController.swift in Sources */,
				F96821CD2670201500ED7C17 /* AppDelegate.swift in Sources */,
				F96821D72670201500ED7C17 /* plusOne.xcdatamodeld in Sources */,
				F964EE9726741280007809B0 /* SingleFeedViewController.swift in Sources */,
				F96821CF2670201500ED7C17 /* SceneDelegate.swift in Sources */,
				F964EE9C26741373007809B0 /* SingleTVCell.swift in Sources */,
				F964EE9F267437DF007809B0 /* typingAnimation.swift in Sources */,
			);
			runOnlyForDeploymentPostprocessing = 0;
		};
/* End PBXSourcesBuildPhase section */

/* Begin PBXTargetDependency section */
		F966CF5E267BC1500058BA29 /* PBXTargetDependency */ = {
			isa = PBXTargetDependency;
			target = F96821C82670201500ED7C17 /* plusOne */;
			targetProxy = F966CF5D267BC1500058BA29 /* PBXContainerItemProxy */;
		};
/* End PBXTargetDependency section */

/* Begin PBXVariantGroup section */
		F96821D22670201500ED7C17 /* Main.storyboard */ = {
			isa = PBXVariantGroup;
			children = (
				F96821D32670201500ED7C17 /* Base */,
			);
			name = Main.storyboard;
			sourceTree = "<group>";
		};
		F96821DA2670201700ED7C17 /* LaunchScreen.storyboard */ = {
			isa = PBXVariantGroup;
			children = (
				F96821DB2670201700ED7C17 /* Base */,
			);
			name = LaunchScreen.storyboard;
			sourceTree = "<group>";
		};
/* End PBXVariantGroup section */

/* Begin XCBuildConfiguration section */
		F966CF60267BC1500058BA29 /* Debug */ = {
			isa = XCBuildConfiguration;
			buildSettings = {
				BUNDLE_LOADER = "$(TEST_HOST)";
				CODE_SIGN_STYLE = Automatic;
				DEVELOPMENT_TEAM = YSD89CWF5Y;
				INFOPLIST_FILE = plusOneTests/Info.plist;
				IPHONEOS_DEPLOYMENT_TARGET = 14.5;
				LD_RUNPATH_SEARCH_PATHS = (
					"$(inherited)",
					"@executable_path/Frameworks",
					"@loader_path/Frameworks",
				);
				PRODUCT_BUNDLE_IDENTIFIER = SaltyYan.plusOneTests;
				PRODUCT_NAME = "$(TARGET_NAME)";
				SWIFT_VERSION = 5.0;
				TARGETED_DEVICE_FAMILY = "1,2";
				TEST_HOST = "$(BUILT_PRODUCTS_DIR)/plusOne.app/plusOne";
			};
			name = Debug;
		};
		F966CF61267BC1500058BA29 /* Release */ = {
			isa = XCBuildConfiguration;
			buildSettings = {
				BUNDLE_LOADER = "$(TEST_HOST)";
				CODE_SIGN_STYLE = Automatic;
				DEVELOPMENT_TEAM = YSD89CWF5Y;
				INFOPLIST_FILE = plusOneTests/Info.plist;
				IPHONEOS_DEPLOYMENT_TARGET = 14.5;
				LD_RUNPATH_SEARCH_PATHS = (
					"$(inherited)",
					"@executable_path/Frameworks",
					"@loader_path/Frameworks",
				);
				PRODUCT_BUNDLE_IDENTIFIER = SaltyYan.plusOneTests;
				PRODUCT_NAME = "$(TARGET_NAME)";
				SWIFT_VERSION = 5.0;
				TARGETED_DEVICE_FAMILY = "1,2";
				TEST_HOST = "$(BUILT_PRODUCTS_DIR)/plusOne.app/plusOne";
			};
			name = Release;
		};
		F96821DE2670201700ED7C17 /* Debug */ = {
			isa = XCBuildConfiguration;
			buildSettings = {
				ALWAYS_SEARCH_USER_PATHS = NO;
				CLANG_ANALYZER_NONNULL = YES;
				CLANG_ANALYZER_NUMBER_OBJECT_CONVERSION = YES_AGGRESSIVE;
				CLANG_CXX_LANGUAGE_STANDARD = "gnu++14";
				CLANG_CXX_LIBRARY = "libc++";
				CLANG_ENABLE_MODULES = YES;
				CLANG_ENABLE_OBJC_ARC = YES;
				CLANG_ENABLE_OBJC_WEAK = YES;
				CLANG_WARN_BLOCK_CAPTURE_AUTORELEASING = YES;
				CLANG_WARN_BOOL_CONVERSION = YES;
				CLANG_WARN_COMMA = YES;
				CLANG_WARN_CONSTANT_CONVERSION = YES;
				CLANG_WARN_DEPRECATED_OBJC_IMPLEMENTATIONS = YES;
				CLANG_WARN_DIRECT_OBJC_ISA_USAGE = YES_ERROR;
				CLANG_WARN_DOCUMENTATION_COMMENTS = YES;
				CLANG_WARN_EMPTY_BODY = YES;
				CLANG_WARN_ENUM_CONVERSION = YES;
				CLANG_WARN_INFINITE_RECURSION = YES;
				CLANG_WARN_INT_CONVERSION = YES;
				CLANG_WARN_NON_LITERAL_NULL_CONVERSION = YES;
				CLANG_WARN_OBJC_IMPLICIT_RETAIN_SELF = YES;
				CLANG_WARN_OBJC_LITERAL_CONVERSION = YES;
				CLANG_WARN_OBJC_ROOT_CLASS = YES_ERROR;
				CLANG_WARN_QUOTED_INCLUDE_IN_FRAMEWORK_HEADER = YES;
				CLANG_WARN_RANGE_LOOP_ANALYSIS = YES;
				CLANG_WARN_STRICT_PROTOTYPES = YES;
				CLANG_WARN_SUSPICIOUS_MOVE = YES;
				CLANG_WARN_UNGUARDED_AVAILABILITY = YES_AGGRESSIVE;
				CLANG_WARN_UNREACHABLE_CODE = YES;
				CLANG_WARN__DUPLICATE_METHOD_MATCH = YES;
				COPY_PHASE_STRIP = NO;
				DEBUG_INFORMATION_FORMAT = dwarf;
				ENABLE_STRICT_OBJC_MSGSEND = YES;
				ENABLE_TESTABILITY = YES;
				GCC_C_LANGUAGE_STANDARD = gnu11;
				GCC_DYNAMIC_NO_PIC = NO;
				GCC_NO_COMMON_BLOCKS = YES;
				GCC_OPTIMIZATION_LEVEL = 0;
				GCC_PREPROCESSOR_DEFINITIONS = (
					"DEBUG=1",
					"$(inherited)",
				);
				GCC_WARN_64_TO_32_BIT_CONVERSION = YES;
				GCC_WARN_ABOUT_RETURN_TYPE = YES_ERROR;
				GCC_WARN_UNDECLARED_SELECTOR = YES;
				GCC_WARN_UNINITIALIZED_AUTOS = YES_AGGRESSIVE;
				GCC_WARN_UNUSED_FUNCTION = YES;
				GCC_WARN_UNUSED_VARIABLE = YES;
				IPHONEOS_DEPLOYMENT_TARGET = 14.1;
				MTL_ENABLE_DEBUG_INFO = INCLUDE_SOURCE;
				MTL_FAST_MATH = YES;
				ONLY_ACTIVE_ARCH = YES;
				SDKROOT = iphoneos;
				SWIFT_ACTIVE_COMPILATION_CONDITIONS = DEBUG;
				SWIFT_OPTIMIZATION_LEVEL = "-Onone";
			};
			name = Debug;
		};
		F96821DF2670201700ED7C17 /* Release */ = {
			isa = XCBuildConfiguration;
			buildSettings = {
				ALWAYS_SEARCH_USER_PATHS = NO;
				CLANG_ANALYZER_NONNULL = YES;
				CLANG_ANALYZER_NUMBER_OBJECT_CONVERSION = YES_AGGRESSIVE;
				CLANG_CXX_LANGUAGE_STANDARD = "gnu++14";
				CLANG_CXX_LIBRARY = "libc++";
				CLANG_ENABLE_MODULES = YES;
				CLANG_ENABLE_OBJC_ARC = YES;
				CLANG_ENABLE_OBJC_WEAK = YES;
				CLANG_WARN_BLOCK_CAPTURE_AUTORELEASING = YES;
				CLANG_WARN_BOOL_CONVERSION = YES;
				CLANG_WARN_COMMA = YES;
				CLANG_WARN_CONSTANT_CONVERSION = YES;
				CLANG_WARN_DEPRECATED_OBJC_IMPLEMENTATIONS = YES;
				CLANG_WARN_DIRECT_OBJC_ISA_USAGE = YES_ERROR;
				CLANG_WARN_DOCUMENTATION_COMMENTS = YES;
				CLANG_WARN_EMPTY_BODY = YES;
				CLANG_WARN_ENUM_CONVERSION = YES;
				CLANG_WARN_INFINITE_RECURSION = YES;
				CLANG_WARN_INT_CONVERSION = YES;
				CLANG_WARN_NON_LITERAL_NULL_CONVERSION = YES;
				CLANG_WARN_OBJC_IMPLICIT_RETAIN_SELF = YES;
				CLANG_WARN_OBJC_LITERAL_CONVERSION = YES;
				CLANG_WARN_OBJC_ROOT_CLASS = YES_ERROR;
				CLANG_WARN_QUOTED_INCLUDE_IN_FRAMEWORK_HEADER = YES;
				CLANG_WARN_RANGE_LOOP_ANALYSIS = YES;
				CLANG_WARN_STRICT_PROTOTYPES = YES;
				CLANG_WARN_SUSPICIOUS_MOVE = YES;
				CLANG_WARN_UNGUARDED_AVAILABILITY = YES_AGGRESSIVE;
				CLANG_WARN_UNREACHABLE_CODE = YES;
				CLANG_WARN__DUPLICATE_METHOD_MATCH = YES;
				COPY_PHASE_STRIP = NO;
				DEBUG_INFORMATION_FORMAT = "dwarf-with-dsym";
				ENABLE_NS_ASSERTIONS = NO;
				ENABLE_STRICT_OBJC_MSGSEND = YES;
				GCC_C_LANGUAGE_STANDARD = gnu11;
				GCC_NO_COMMON_BLOCKS = YES;
				GCC_WARN_64_TO_32_BIT_CONVERSION = YES;
				GCC_WARN_ABOUT_RETURN_TYPE = YES_ERROR;
				GCC_WARN_UNDECLARED_SELECTOR = YES;
				GCC_WARN_UNINITIALIZED_AUTOS = YES_AGGRESSIVE;
				GCC_WARN_UNUSED_FUNCTION = YES;
				GCC_WARN_UNUSED_VARIABLE = YES;
				IPHONEOS_DEPLOYMENT_TARGET = 14.1;
				MTL_ENABLE_DEBUG_INFO = NO;
				MTL_FAST_MATH = YES;
				SDKROOT = iphoneos;
				SWIFT_COMPILATION_MODE = wholemodule;
				SWIFT_OPTIMIZATION_LEVEL = "-O";
				VALIDATE_PRODUCT = YES;
			};
			name = Release;
		};
		F96821E12670201700ED7C17 /* Debug */ = {
			isa = XCBuildConfiguration;
			baseConfigurationReference = 9DE6EE73C714455D114F055A /* Pods-plusOne.debug.xcconfig */;
			buildSettings = {
				ASSETCATALOG_COMPILER_APPICON_NAME = AppIcon;
				ASSETCATALOG_COMPILER_GLOBAL_ACCENT_COLOR_NAME = AccentColor;
				CODE_SIGN_STYLE = Automatic;
				DEVELOPMENT_TEAM = YSD89CWF5Y;
				INFOPLIST_FILE = plusOne/Info.plist;
				LD_RUNPATH_SEARCH_PATHS = (
					"$(inherited)",
					"@executable_path/Frameworks",
				);
				MARKETING_VERSION = 0.1.0;
				PRODUCT_BUNDLE_IDENTIFIER = SaltyYan.plusOne;
				PRODUCT_NAME = "$(TARGET_NAME)";
				SWIFT_VERSION = 5.0;
				TARGETED_DEVICE_FAMILY = 1;
			};
			name = Debug;
		};
		F96821E22670201700ED7C17 /* Release */ = {
			isa = XCBuildConfiguration;
			baseConfigurationReference = 4CCCB27CCB24C2722DF2870F /* Pods-plusOne.release.xcconfig */;
			buildSettings = {
				ASSETCATALOG_COMPILER_APPICON_NAME = AppIcon;
				ASSETCATALOG_COMPILER_GLOBAL_ACCENT_COLOR_NAME = AccentColor;
				CODE_SIGN_STYLE = Automatic;
				DEVELOPMENT_TEAM = YSD89CWF5Y;
				INFOPLIST_FILE = plusOne/Info.plist;
				LD_RUNPATH_SEARCH_PATHS = (
					"$(inherited)",
					"@executable_path/Frameworks",
				);
				MARKETING_VERSION = 0.1.0;
				PRODUCT_BUNDLE_IDENTIFIER = SaltyYan.plusOne;
				PRODUCT_NAME = "$(TARGET_NAME)";
				SWIFT_VERSION = 5.0;
				TARGETED_DEVICE_FAMILY = 1;
			};
			name = Release;
		};
/* End XCBuildConfiguration section */

/* Begin XCConfigurationList section */
		F966CF5F267BC1500058BA29 /* Build configuration list for PBXNativeTarget "plusOneTests" */ = {
			isa = XCConfigurationList;
			buildConfigurations = (
				F966CF60267BC1500058BA29 /* Debug */,
				F966CF61267BC1500058BA29 /* Release */,
			);
			defaultConfigurationIsVisible = 0;
			defaultConfigurationName = Release;
		};
		F96821C42670201500ED7C17 /* Build configuration list for PBXProject "plusOne" */ = {
			isa = XCConfigurationList;
			buildConfigurations = (
				F96821DE2670201700ED7C17 /* Debug */,
				F96821DF2670201700ED7C17 /* Release */,
			);
			defaultConfigurationIsVisible = 0;
			defaultConfigurationName = Release;
		};
		F96821E02670201700ED7C17 /* Build configuration list for PBXNativeTarget "plusOne" */ = {
			isa = XCConfigurationList;
			buildConfigurations = (
				F96821E12670201700ED7C17 /* Debug */,
				F96821E22670201700ED7C17 /* Release */,
			);
			defaultConfigurationIsVisible = 0;
			defaultConfigurationName = Release;
		};
/* End XCConfigurationList section */

/* Begin XCVersionGroup section */
		F96821D52670201500ED7C17 /* plusOne.xcdatamodeld */ = {
			isa = XCVersionGroup;
			children = (
				F96821D62670201500ED7C17 /* plusOne.xcdatamodel */,
			);
			currentVersion = F96821D62670201500ED7C17 /* plusOne.xcdatamodel */;
			path = plusOne.xcdatamodeld;
			sourceTree = "<group>";
			versionGroupType = wrapper.xcdatamodel;
		};
/* End XCVersionGroup section */
	};
	rootObject = F96821C12670201500ED7C17 /* Project object */;
}
